// !$*UTF8*$!
{
	archiveVersion = 1;
	classes = {
	};
	objectVersion = 46;
	objects = {

/* Begin PBXBuildFile section */
		87258FB01C43E13200A6CD87 /* Numbers2EnglishText.cpp in Sources */ = {isa = PBXBuildFile; fileRef = 87258FAF1C43E13200A6CD87 /* Numbers2EnglishText.cpp */; };
/* End PBXBuildFile section */

/* Begin PBXCopyFilesBuildPhase section */
		87258FA31C43DF6900A6CD87 /* CopyFiles */ = {
			isa = PBXCopyFilesBuildPhase;
			buildActionMask = 2147483647;
			dstPath = /usr/share/man/man1/;
			dstSubfolderSpec = 0;
			files = (
			);
			runOnlyForDeploymentPostprocessing = 1;
		};
/* End PBXCopyFilesBuildPhase section */

/* Begin PBXFileReference section */
		87258FA51C43DF6900A6CD87 /* Numbers2EnglishTextMac */ = {isa = PBXFileReference; explicitFileType = "compiled.mach-o.executable"; includeInIndex = 0; path = Numbers2EnglishTextMac; sourceTree = BUILT_PRODUCTS_DIR; };
		87258FAF1C43E13200A6CD87 /* Numbers2EnglishText.cpp */ = {isa = PBXFileReference; fileEncoding = 4; lastKnownFileType = sourcecode.cpp.cpp; path = Numbers2EnglishText.cpp; sourceTree = "<group>"; };
/* End PBXFileReference section */

/* Begin PBXFrameworksBuildPhase section */
		87258FA21C43DF6900A6CD87 /* Frameworks */ = {
			isa = PBXFrameworksBuildPhase;
			buildActionMask = 2147483647;
			files = (
			);
			runOnlyForDeploymentPostprocessing = 0;
		};
/* End PBXFrameworksBuildPhase section */

/* Begin PBXGroup section */
		87258F9C1C43DF6900A6CD87 = {
			isa = PBXGroup;
			children = (
				87258FA71C43DF6900A6CD87 /* Numbers2EnglishTextMac */,
				87258FA61C43DF6900A6CD87 /* Products */,
			);
			sourceTree = "<group>";
		};
		87258FA61C43DF6900A6CD87 /* Products */ = {
			isa = PBXGroup;
			children = (
				87258FA51C43DF6900A6CD87 /* Numbers2EnglishTextMac */,
			);
			name = Products;
			sourceTree = "<group>";
		};
		87258FA71C43DF6900A6CD87 /* Numbers2EnglishTextMac */ = {
			isa = PBXGroup;
			children = (
				87258FAF1C43E13200A6CD87 /* Numbers2EnglishText.cpp */,
			);
			path = Numbers2EnglishTextMac;
			sourceTree = "<group>";
		};
/* End PBXGroup section */

/* Begin PBXNativeTarget section */
		87258FA41C43DF6900A6CD87 /* Numbers2EnglishTextMac */ = {
			isa = PBXNativeTarget;
			buildConfigurationList = 87258FAC1C43DF6A00A6CD87 /* Build configuration list for PBXNativeTarget "Numbers2EnglishTextMac" */;
			buildPhases = (
				87258FA11C43DF6900A6CD87 /* Sources */,
				87258FA21C43DF6900A6CD87 /* Frameworks */,
				87258FA31C43DF6900A6CD87 /* CopyFiles */,
			);
			buildRules = (
			);
			dependencies = (
			);
			name = Numbers2EnglishTextMac;
			productName = Numbers2EnglishTextMac;
			productReference = 87258FA51C43DF6900A6CD87 /* Numbers2EnglishTextMac */;
			productType = "com.apple.product-type.tool";
		};
/* End PBXNativeTarget section */

/* Begin PBXProject section */
		87258F9D1C43DF6900A6CD87 /* Project object */ = {
			isa = PBXProject;
			attributes = {
				LastUpgradeCheck = 0720;
				ORGANIZATIONNAME = "Cory Brown";
				TargetAttributes = {
					87258FA41C43DF6900A6CD87 = {
						CreatedOnToolsVersion = 7.2;
					};
				};
			};
			buildConfigurationList = 87258FA01C43DF6900A6CD87 /* Build configuration list for PBXProject "Numbers2EnglishTextMac" */;
			compatibilityVersion = "Xcode 3.2";
			developmentRegion = English;
			hasScannedForEncodings = 0;
			knownRegions = (
				en,
			);
			mainGroup = 87258F9C1C43DF6900A6CD87;
			productRefGroup = 87258FA61C43DF6900A6CD87 /* Products */;
			projectDirPath = "";
			projectRoot = "";
			targets = (
				87258FA41C43DF6900A6CD87 /* Numbers2EnglishTextMac */,
			);
		};
/* End PBXProject section */

/* Begin PBXSourcesBuildPhase section */
		87258FA11C43DF6900A6CD87 /* Sources */ = {
			isa = PBXSourcesBuildPhase;
			buildActionMask = 2147483647;
			files = (
				87258FB01C43E13200A6CD87 /* Numbers2EnglishText.cpp in Sources */,
			);
			runOnlyForDeploymentPostprocessing = 0;
		};
/* End PBXSourcesBuildPhase section */

/* Begin XCBuildConfiguration section */
		87258FAA1C43DF6A00A6CD87 /* Debug */ = {
			isa = XCBuildConfiguration;
			buildSettings = {
				ALWAYS_SEARCH_USER_PATHS = NO;
				CLANG_CXX_LANGUAGE_STANDARD = "gnu++0x";
				CLANG_CXX_LIBRARY = "libc++";
				CLANG_ENABLE_MODULES = YES;
				CLANG_ENABLE_OBJC_ARC = YES;
				CLANG_WARN_BOOL_CONVERSION = YES;
				CLANG_WARN_CONSTANT_CONVERSION = YES;
				CLANG_WARN_DIRECT_OBJC_ISA_USAGE = YES_ERROR;
				CLANG_WARN_EMPTY_BODY = YES;
				CLANG_WARN_ENUM_CONVERSION = YES;
				CLANG_WARN_INT_CONVERSION = YES;
				CLANG_WARN_OBJC_ROOT_CLASS = YES_ERROR;
				CLANG_WARN_UNREACHABLE_CODE = YES;
				CLANG_WARN__DUPLICATE_METHOD_MATCH = YES;
				CODE_SIGN_IDENTITY = "-";
				COPY_PHASE_STRIP = NO;
				DEBUG_INFORMATION_FORMAT = dwarf;
				ENABLE_STRICT_OBJC_MSGSEND = YES;
				ENABLE_TESTABILITY = YES;
				GCC_C_LANGUAGE_STANDARD = gnu99;
				GCC_DYNAMIC_NO_PIC = NO;
				GCC_NO_COMMON_BLOCKS = YES;
				GCC_OPTIMIZATION_LEVEL = 0;
				GCC_PREPROCESSOR_DEFINITIONS = (
					"DEBUG=1",
					"$(inherited)",
				);
				GCC_WARN_64_TO_32_BIT_CONVERSION = YES;
				GCC_WARN_ABOUT_RETURN_TYPE = YES_ERROR;
				GCC_WARN_UNDECLARED_SELECTOR = YES;
				GCC_WARN_UNINITIALIZED_AUTOS = YES_AGGRESSIVE;
				GCC_WARN_UNUSED_FUNCTION = YES;
				GCC_WARN_UNUSED_VARIABLE = YES;
				MACOSX_DEPLOYMENT_TARGET = 10.11;
				MTL_ENABLE_DEBUG_INFO = YES;
				ONLY_ACTIVE_ARCH = YES;
				SDKROOT = macosx;
			};
			name = Debug;
		};
		87258FAB1C43DF6A00A6CD87 /* Release */ = {
			isa = XCBuildConfiguration;
			buildSettings = {
				ALWAYS_SEARCH_USER_PATHS = NO;
				CLANG_CXX_LANGUAGE_STANDARD = "gnu++0x";
				CLANG_CXX_LIBRARY = "libc++";
				CLANG_ENABLE_MODULES = YES;
				CLANG_ENABLE_OBJC_ARC = YES;
				CLANG_WARN_BOOL_CONVERSION = YES;
				CLANG_WARN_CONSTANT_CONVERSION = YES;
				CLANG_WARN_DIRECT_OBJC_ISA_USAGE = YES_ERROR;
				CLANG_WARN_EMPTY_BODY = YES;
				CLANG_WARN_ENUM_CONVERSION = YES;
				CLANG_WARN_INT_CONVERSION = YES;
				CLANG_WARN_OBJC_ROOT_CLASS = YES_ERROR;
				CLANG_WARN_UNREACHABLE_CODE = YES;
				CLANG_WARN__DUPLICATE_METHOD_MATCH = YES;
				CODE_SIGN_IDENTITY = "-";
				COPY_PHASE_STRIP = NO;
				DEBUG_INFORMATION_FORMAT = "dwarf-with-dsym";
				ENABLE_NS_ASSERTIONS = NO;
				ENABLE_STRICT_OBJC_MSGSEND = YES;
				GCC_C_LANGUAGE_STANDARD = gnu99;
				GCC_NO_COMMON_BLOCKS = YES;
				GCC_WARN_64_TO_32_BIT_CONVERSION = YES;
				GCC_WARN_ABOUT_RETURN_TYPE = YES_ERROR;
				GCC_WARN_UNDECLARED_SELECTOR = YES;
				GCC_WARN_UNINITIALIZED_AUTOS = YES_AGGRESSIVE;
				GCC_WARN_UNUSED_FUNCTION = YES;
				GCC_WARN_UNUSED_VARIABLE = YES;
				MACOSX_DEPLOYMENT_TARGET = 10.11;
				MTL_ENABLE_DEBUG_INFO = NO;
				SDKROOT = macosx;
			};
			name = Release;
		};
		87258FAD1C43DF6A00A6CD87 /* Debug */ = {
			isa = XCBuildConfiguration;
			buildSettings = {
				PRODUCT_NAME = "$(TARGET_NAME)";
			};
			name = Debug;
		};
		87258FAE1C43DF6A00A6CD87 /* Release */ = {
			isa = XCBuildConfiguration;
			buildSettings = {
				PRODUCT_NAME = "$(TARGET_NAME)";
			};
			name = Release;
		};
/* End XCBuildConfiguration section */

/* Begin XCConfigurationList section */
		87258FA01C43DF6900A6CD87 /* Build configuration list for PBXProject "Numbers2EnglishTextMac" */ = {
			isa = XCConfigurationList;
			buildConfigurations = (
				87258FAA1C43DF6A00A6CD87 /* Debug */,
				87258FAB1C43DF6A00A6CD87 /* Release */,
			);
			defaultConfigurationIsVisible = 0;
			defaultConfigurationName = Release;
		};
		87258FAC1C43DF6A00A6CD87 /* Build configuration list for PBXNativeTarget "Numbers2EnglishTextMac" */ = {
			isa = XCConfigurationList;
			buildConfigurations = (
				87258FAD1C43DF6A00A6CD87 /* Debug */,
				87258FAE1C43DF6A00A6CD87 /* Release */,
			);
			defaultConfigurationIsVisible = 0;
		};
/* End XCConfigurationList section */
	};
	rootObject = 87258F9D1C43DF6900A6CD87 /* Project object */;
}
